
Microsoft Visual Studio Solution File, Format Version 12.00
# Visual Studio Version 17
VisualStudioVersion = 17.6.33829.357
MinimumVisualStudioVersion = 10.0.40219.1
Project("{9A19103F-16F7-4668-BE54-9A1E7A4F7556}") = "laboratorium 1", "laboratorium 1\laboratorium 1.csproj", "{FBA9D832-6900-4E74-986D-232F22E43CA3}"
EndProject
Project("{9A19103F-16F7-4668-BE54-9A1E7A4F7556}") = "labolatorium2", "labolatorium2\labolatorium2.csproj", "{59F72C2C-6535-4104-9C3C-3973CD76C160}"
EndProject
Project("{9A19103F-16F7-4668-BE54-9A1E7A4F7556}") = "labolatorium 3 - App", "labolatorium 3 - App\labolatorium 3 - App.csproj", "{A254AB38-3430-4C66-85D7-F185D4FC4D7B}"
EndProject
Project("{FAE04EC0-301F-11D3-BF4B-00C04F79EFBC}") = "Data", "Data\Data.csproj", "{E2ECC862-7066-40D4-8C01-4CE9318A057A}"
EndProject
Global
	GlobalSection(SolutionConfigurationPlatforms) = preSolution
		Debug|Any CPU = Debug|Any CPU
		Release|Any CPU = Release|Any CPU
	EndGlobalSection
	GlobalSection(ProjectConfigurationPlatforms) = postSolution
		{FBA9D832-6900-4E74-986D-232F22E43CA3}.Debug|Any CPU.ActiveCfg = Debug|Any CPU
		{FBA9D832-6900-4E74-986D-232F22E43CA3}.Debug|Any CPU.Build.0 = Debug|Any CPU
		{FBA9D832-6900-4E74-986D-232F22E43CA3}.Release|Any CPU.ActiveCfg = Release|Any CPU
		{FBA9D832-6900-4E74-986D-232F22E43CA3}.Release|Any CPU.Build.0 = Release|Any CPU
		{59F72C2C-6535-4104-9C3C-3973CD76C160}.Debug|Any CPU.ActiveCfg = Debug|Any CPU
		{59F72C2C-6535-4104-9C3C-3973CD76C160}.Debug|Any CPU.Build.0 = Debug|Any CPU
		{59F72C2C-6535-4104-9C3C-3973CD76C160}.Release|Any CPU.ActiveCfg = Release|Any CPU
		{59F72C2C-6535-4104-9C3C-3973CD76C160}.Release|Any CPU.Build.0 = Release|Any CPU
		{A254AB38-3430-4C66-85D7-F185D4FC4D7B}.Debug|Any CPU.ActiveCfg = Debug|Any CPU
		{A254AB38-3430-4C66-85D7-F185D4FC4D7B}.Debug|Any CPU.Build.0 = Debug|Any CPU
		{A254AB38-3430-4C66-85D7-F185D4FC4D7B}.Release|Any CPU.ActiveCfg = Release|Any CPU
		{A254AB38-3430-4C66-85D7-F185D4FC4D7B}.Release|Any CPU.Build.0 = Release|Any CPU
		{E2ECC862-7066-40D4-8C01-4CE9318A057A}.Debug|Any CPU.ActiveCfg = Debug|Any CPU
		{E2ECC862-7066-40D4-8C01-4CE9318A057A}.Debug|Any CPU.Build.0 = Debug|Any CPU
		{E2ECC862-7066-40D4-8C01-4CE9318A057A}.Release|Any CPU.ActiveCfg = Release|Any CPU
		{E2ECC862-7066-40D4-8C01-4CE9318A057A}.Release|Any CPU.Build.0 = Release|Any CPU
	EndGlobalSection
	GlobalSection(SolutionProperties) = preSolution
		HideSolutionNode = FALSE
	EndGlobalSection
	GlobalSection(ExtensibilityGlobals) = postSolution
		SolutionGuid = {03769347-46C4-44D5-8B0E-9379C163DFB5}
	EndGlobalSection
EndGlobal
